# This file is automatically @generated by Cargo.
# It is not intended for manual editing.
version = 4

[[package]]
name = "guest-bigmem"
version = "0.1.0"
dependencies = [
 "guest-common",
]

[[package]]
name = "guest-common"
version = "0.1.0"

[[package]]
name = "guest-fuel"
version = "0.1.0"
dependencies = [
 "guest-common",
]

[[package]]
name = "guest-hello"
version = "0.1.0"
dependencies = [
 "guest-common",
]

[[package]]
name = "guest-noexports"
version = "0.1.0"
dependencies = [
 "guest-common",
]

[[package]]
name = "guest-strings"
version = "0.1.0"
dependencies = [
 "guest-common",
]

[[package]]
name = "guest-trap"
version = "0.1.0"
dependencies = [
 "guest-common",
]
